
Microsoft Visual Studio Solution File, Format Version 12.00
# Visual Studio Version 17
VisualStudioVersion = 17.8.34330.188
MinimumVisualStudioVersion = 10.0.40219.1
Project("{FAE04EC0-301F-11D3-BF4B-00C04F79EFBC}") = "Card", "Card\Card.csproj", "{6ECD24EF-FF57-4028-83FA-644F1A4EE895}"
EndProject
Global
	GlobalSection(SolutionConfigurationPlatforms) = preSolution
		Debug|Any CPU = Debug|Any CPU
		Release|Any CPU = Release|Any CPU
	EndGlobalSection
	GlobalSection(ProjectConfigurationPlatforms) = postSolution
		{6ECD24EF-FF57-4028-83FA-644F1A4EE895}.Debug|Any CPU.ActiveCfg = Debug|Any CPU
		{6ECD24EF-FF57-4028-83FA-644F1A4EE895}.Debug|Any CPU.Build.0 = Debug|Any CPU
		{6ECD24EF-FF57-4028-83FA-644F1A4EE895}.Release|Any CPU.ActiveCfg = Release|Any CPU
		{6ECD24EF-FF57-4028-83FA-644F1A4EE895}.Release|Any CPU.Build.0 = Release|Any CPU
	EndGlobalSection
	GlobalSection(SolutionProperties) = preSolution
		HideSolutionNode = FALSE
	EndGlobalSection
	GlobalSection(ExtensibilityGlobals) = postSolution
		SolutionGuid = {C0D558B9-ECA8-4FCF-AA4F-D70A31D08D7B}
	EndGlobalSection
EndGlobal
